// !$*UTF8*$!
{
	archiveVersion = 1;
	classes = {
	};
	objectVersion = 56;
	objects = {

/* Begin PBXBuildFile section */
		A601F73F2A3ADC9B00989752 /* KFGQPC Uthman Taha Naskh Regular.ttf in Resources */ = {isa = PBXBuildFile; fileRef = A601F73D2A3ADC9B00989752 /* KFGQPC Uthman Taha Naskh Regular.ttf */; };
		A601F7432A3ADD2100989752 /* SettingsScreen.swift in Sources */ = {isa = PBXBuildFile; fileRef = A601F7422A3ADD2100989752 /* SettingsScreen.swift */; };
		A6487C882A36D3E1003ED9BF /* AppDelegate.swift in Sources */ = {isa = PBXBuildFile; fileRef = A6487C872A36D3E1003ED9BF /* AppDelegate.swift */; };
		A6487C8A2A36D3E1003ED9BF /* SceneDelegate.swift in Sources */ = {isa = PBXBuildFile; fileRef = A6487C892A36D3E1003ED9BF /* SceneDelegate.swift */; };
		A6487C912A36D3E2003ED9BF /* Assets.xcassets in Resources */ = {isa = PBXBuildFile; fileRef = A6487C902A36D3E2003ED9BF /* Assets.xcassets */; };
		A6487C942A36D3E2003ED9BF /* LaunchScreen.storyboard in Resources */ = {isa = PBXBuildFile; fileRef = A6487C922A36D3E2003ED9BF /* LaunchScreen.storyboard */; };
		A6487CA02A36E5D2003ED9BF /* MainScreen.swift in Sources */ = {isa = PBXBuildFile; fileRef = A6487C9F2A36E5D2003ED9BF /* MainScreen.swift */; };
		A6487CA22A378FC9003ED9BF /* DhikrScreen.swift in Sources */ = {isa = PBXBuildFile; fileRef = A6487CA12A378FC9003ED9BF /* DhikrScreen.swift */; };
		A6487CA42A378FE9003ED9BF /* SurahScreen.swift in Sources */ = {isa = PBXBuildFile; fileRef = A6487CA32A378FE9003ED9BF /* SurahScreen.swift */; };
		A6487CA72A379079003ED9BF /* SnapKit in Frameworks */ = {isa = PBXBuildFile; productRef = A6487CA62A379079003ED9BF /* SnapKit */; };
		A66416AF2A3D742400210E43 /* noorehidayat.ttf in Resources */ = {isa = PBXBuildFile; fileRef = A66416AE2A3D742400210E43 /* noorehidayat.ttf */; };
		A699ACB72A416ABA0042652E /* lailahaillahm.m4a in Resources */ = {isa = PBXBuildFile; fileRef = A699ACAA2A416ABA0042652E /* lailahaillahm.m4a */; };
		A699ACB82A416ABA0042652E /* Hasbunallah.m4a in Resources */ = {isa = PBXBuildFile; fileRef = A699ACAB2A416ABA0042652E /* Hasbunallah.m4a */; };
		A699ACB92A416ABA0042652E /* AllahuAkbar.m4a in Resources */ = {isa = PBXBuildFile; fileRef = A699ACAC2A416ABA0042652E /* AllahuAkbar.m4a */; };
		A699ACBA2A416ABA0042652E /* Lailahaillah.m4a in Resources */ = {isa = PBXBuildFile; fileRef = A699ACAD2A416ABA0042652E /* Lailahaillah.m4a */; };
		A699ACBB2A416ABA0042652E /* Lahaula.m4a in Resources */ = {isa = PBXBuildFile; fileRef = A699ACAE2A416ABA0042652E /* Lahaula.m4a */; };
		A699ACBC2A416ABA0042652E /* KamaaSollaita.m4a in Resources */ = {isa = PBXBuildFile; fileRef = A699ACAF2A416ABA0042652E /* KamaaSollaita.m4a */; };
		A699ACBD2A416ABA0042652E /* AstagfirullahalAziim.m4a in Resources */ = {isa = PBXBuildFile; fileRef = A699ACB02A416ABA0042652E /* AstagfirullahalAziim.m4a */; };
		A699ACBE2A416ABA0042652E /* SubhanAllah.m4a in Resources */ = {isa = PBXBuildFile; fileRef = A699ACB12A416ABA0042652E /* SubhanAllah.m4a */; };
		A699ACBF2A416ABA0042652E /* Salauat.m4a in Resources */ = {isa = PBXBuildFile; fileRef = A699ACB22A416ABA0042652E /* Salauat.m4a */; };
		A699ACC02A416ABA0042652E /* Uabihamdih.m4a in Resources */ = {isa = PBXBuildFile; fileRef = A699ACB32A416ABA0042652E /* Uabihamdih.m4a */; };
		A699ACC12A416ABA0042652E /* Alhamdulillah.m4a in Resources */ = {isa = PBXBuildFile; fileRef = A699ACB42A416ABA0042652E /* Alhamdulillah.m4a */; };
		A699ACC22A416ABA0042652E /* KamaaBaarakta.m4a in Resources */ = {isa = PBXBuildFile; fileRef = A699ACB52A416ABA0042652E /* KamaaBaarakta.m4a */; };
		A699ACC32A416ABA0042652E /* Astahfirullah.m4a in Resources */ = {isa = PBXBuildFile; fileRef = A699ACB62A416ABA0042652E /* Astahfirullah.m4a */; };
		A699ACC52A416BE10042652E /* DhikrCell.swift in Sources */ = {isa = PBXBuildFile; fileRef = A699ACC42A416BE10042652E /* DhikrCell.swift */; };
		A699ACC72A4170D50042652E /* CounterScreen.swift in Sources */ = {isa = PBXBuildFile; fileRef = A699ACC62A4170D50042652E /* CounterScreen.swift */; };
		A6F7B35A2A3AE7B8002291CB /* SurahNameCell.swift in Sources */ = {isa = PBXBuildFile; fileRef = A6F7B3592A3AE7B8002291CB /* SurahNameCell.swift */; };
		A6F7B35C2A3AE7EF002291CB /* Constants.swift in Sources */ = {isa = PBXBuildFile; fileRef = A6F7B35B2A3AE7EF002291CB /* Constants.swift */; };
		A6F7B35E2A3C0E13002291CB /* Proxima Vara-VF.ttf in Resources */ = {isa = PBXBuildFile; fileRef = A6F7B35D2A3C0E13002291CB /* Proxima Vara-VF.ttf */; };
		A6F7B3612A3C108B002291CB /* QuranData.swift in Sources */ = {isa = PBXBuildFile; fileRef = A6F7B3602A3C108B002291CB /* QuranData.swift */; };
		A6F7B36F2A3C58C5002291CB /* SurahPageScreen.swift in Sources */ = {isa = PBXBuildFile; fileRef = A6F7B36E2A3C58C5002291CB /* SurahPageScreen.swift */; };
		A6F7B3732A3CC843002291CB /* QuranDataTranslate.swift in Sources */ = {isa = PBXBuildFile; fileRef = A6F7B3722A3CC843002291CB /* QuranDataTranslate.swift */; };
		A6F7B3752A3CD258002291CB /* NetworkManager.swift in Sources */ = {isa = PBXBuildFile; fileRef = A6F7B3742A3CD258002291CB /* NetworkManager.swift */; };
		A6F7B3772A3CE244002291CB /* AyahCell.swift in Sources */ = {isa = PBXBuildFile; fileRef = A6F7B3762A3CE244002291CB /* AyahCell.swift */; };
/* End PBXBuildFile section */

/* Begin PBXFileReference section */
		A601F73D2A3ADC9B00989752 /* KFGQPC Uthman Taha Naskh Regular.ttf */ = {isa = PBXFileReference; lastKnownFileType = file; path = "KFGQPC Uthman Taha Naskh Regular.ttf"; sourceTree = "<group>"; };
		A601F7422A3ADD2100989752 /* SettingsScreen.swift */ = {isa = PBXFileReference; lastKnownFileType = sourcecode.swift; path = SettingsScreen.swift; sourceTree = "<group>"; };
		A6487C842A36D3E1003ED9BF /* Nour.app */ = {isa = PBXFileReference; explicitFileType = wrapper.application; includeInIndex = 0; path = Nour.app; sourceTree = BUILT_PRODUCTS_DIR; };
		A6487C872A36D3E1003ED9BF /* AppDelegate.swift */ = {isa = PBXFileReference; lastKnownFileType = sourcecode.swift; path = AppDelegate.swift; sourceTree = "<group>"; };
		A6487C892A36D3E1003ED9BF /* SceneDelegate.swift */ = {isa = PBXFileReference; lastKnownFileType = sourcecode.swift; path = SceneDelegate.swift; sourceTree = "<group>"; };
		A6487C902A36D3E2003ED9BF /* Assets.xcassets */ = {isa = PBXFileReference; lastKnownFileType = folder.assetcatalog; path = Assets.xcassets; sourceTree = "<group>"; };
		A6487C932A36D3E2003ED9BF /* Base */ = {isa = PBXFileReference; lastKnownFileType = file.storyboard; name = Base; path = Base.lproj/LaunchScreen.storyboard; sourceTree = "<group>"; };
		A6487C952A36D3E2003ED9BF /* Info.plist */ = {isa = PBXFileReference; lastKnownFileType = text.plist.xml; path = Info.plist; sourceTree = "<group>"; };
		A6487C9F2A36E5D2003ED9BF /* MainScreen.swift */ = {isa = PBXFileReference; lastKnownFileType = sourcecode.swift; path = MainScreen.swift; sourceTree = "<group>"; };
		A6487CA12A378FC9003ED9BF /* DhikrScreen.swift */ = {isa = PBXFileReference; lastKnownFileType = sourcecode.swift; path = DhikrScreen.swift; sourceTree = "<group>"; };
		A6487CA32A378FE9003ED9BF /* SurahScreen.swift */ = {isa = PBXFileReference; lastKnownFileType = sourcecode.swift; path = SurahScreen.swift; sourceTree = "<group>"; };
		A66416AE2A3D742400210E43 /* noorehidayat.ttf */ = {isa = PBXFileReference; lastKnownFileType = file; path = noorehidayat.ttf; sourceTree = "<group>"; };
		A699ACAA2A416ABA0042652E /* lailahaillahm.m4a */ = {isa = PBXFileReference; lastKnownFileType = file; path = lailahaillahm.m4a; sourceTree = "<group>"; };
		A699ACAB2A416ABA0042652E /* Hasbunallah.m4a */ = {isa = PBXFileReference; lastKnownFileType = file; path = Hasbunallah.m4a; sourceTree = "<group>"; };
		A699ACAC2A416ABA0042652E /* AllahuAkbar.m4a */ = {isa = PBXFileReference; lastKnownFileType = file; path = AllahuAkbar.m4a; sourceTree = "<group>"; };
		A699ACAD2A416ABA0042652E /* Lailahaillah.m4a */ = {isa = PBXFileReference; lastKnownFileType = file; path = Lailahaillah.m4a; sourceTree = "<group>"; };
		A699ACAE2A416ABA0042652E /* Lahaula.m4a */ = {isa = PBXFileReference; lastKnownFileType = file; path = Lahaula.m4a; sourceTree = "<group>"; };
		A699ACAF2A416ABA0042652E /* KamaaSollaita.m4a */ = {isa = PBXFileReference; lastKnownFileType = file; path = KamaaSollaita.m4a; sourceTree = "<group>"; };
		A699ACB02A416ABA0042652E /* AstagfirullahalAziim.m4a */ = {isa = PBXFileReference; lastKnownFileType = file; path = AstagfirullahalAziim.m4a; sourceTree = "<group>"; };
		A699ACB12A416ABA0042652E /* SubhanAllah.m4a */ = {isa = PBXFileReference; lastKnownFileType = file; path = SubhanAllah.m4a; sourceTree = "<group>"; };
		A699ACB22A416ABA0042652E /* Salauat.m4a */ = {isa = PBXFileReference; lastKnownFileType = file; path = Salauat.m4a; sourceTree = "<group>"; };
		A699ACB32A416ABA0042652E /* Uabihamdih.m4a */ = {isa = PBXFileReference; lastKnownFileType = file; path = Uabihamdih.m4a; sourceTree = "<group>"; };
		A699ACB42A416ABA0042652E /* Alhamdulillah.m4a */ = {isa = PBXFileReference; lastKnownFileType = file; path = Alhamdulillah.m4a; sourceTree = "<group>"; };
		A699ACB52A416ABA0042652E /* KamaaBaarakta.m4a */ = {isa = PBXFileReference; lastKnownFileType = file; path = KamaaBaarakta.m4a; sourceTree = "<group>"; };
		A699ACB62A416ABA0042652E /* Astahfirullah.m4a */ = {isa = PBXFileReference; lastKnownFileType = file; path = Astahfirullah.m4a; sourceTree = "<group>"; };
		A699ACC42A416BE10042652E /* DhikrCell.swift */ = {isa = PBXFileReference; lastKnownFileType = sourcecode.swift; path = DhikrCell.swift; sourceTree = "<group>"; };
		A699ACC62A4170D50042652E /* CounterScreen.swift */ = {isa = PBXFileReference; lastKnownFileType = sourcecode.swift; path = CounterScreen.swift; sourceTree = "<group>"; };
		A6F7B3592A3AE7B8002291CB /* SurahNameCell.swift */ = {isa = PBXFileReference; lastKnownFileType = sourcecode.swift; path = SurahNameCell.swift; sourceTree = "<group>"; };
		A6F7B35B2A3AE7EF002291CB /* Constants.swift */ = {isa = PBXFileReference; lastKnownFileType = sourcecode.swift; path = Constants.swift; sourceTree = "<group>"; };
		A6F7B35D2A3C0E13002291CB /* Proxima Vara-VF.ttf */ = {isa = PBXFileReference; lastKnownFileType = file; path = "Proxima Vara-VF.ttf"; sourceTree = "<group>"; };
		A6F7B3602A3C108B002291CB /* QuranData.swift */ = {isa = PBXFileReference; lastKnownFileType = sourcecode.swift; path = QuranData.swift; sourceTree = "<group>"; };
		A6F7B36E2A3C58C5002291CB /* SurahPageScreen.swift */ = {isa = PBXFileReference; lastKnownFileType = sourcecode.swift; path = SurahPageScreen.swift; sourceTree = "<group>"; };
		A6F7B3722A3CC843002291CB /* QuranDataTranslate.swift */ = {isa = PBXFileReference; lastKnownFileType = sourcecode.swift; path = QuranDataTranslate.swift; sourceTree = "<group>"; };
		A6F7B3742A3CD258002291CB /* NetworkManager.swift */ = {isa = PBXFileReference; lastKnownFileType = sourcecode.swift; path = NetworkManager.swift; sourceTree = "<group>"; };
		A6F7B3762A3CE244002291CB /* AyahCell.swift */ = {isa = PBXFileReference; lastKnownFileType = sourcecode.swift; path = AyahCell.swift; sourceTree = "<group>"; };
/* End PBXFileReference section */

/* Begin PBXFrameworksBuildPhase section */
		A6487C812A36D3E1003ED9BF /* Frameworks */ = {
			isa = PBXFrameworksBuildPhase;
			buildActionMask = 2147483647;
			files = (
				A6487CA72A379079003ED9BF /* SnapKit in Frameworks */,
			);
			runOnlyForDeploymentPostprocessing = 0;
		};
/* End PBXFrameworksBuildPhase section */

/* Begin PBXGroup section */
		A601F7372A3981E400989752 /* Managers */ = {
			isa = PBXGroup;
			children = (
				A6F7B3742A3CD258002291CB /* NetworkManager.swift */,
			);
			path = Managers;
			sourceTree = "<group>";
		};
		A601F7382A3AD81F00989752 /* DhikrControllers */ = {
			isa = PBXGroup;
			children = (
				A699ACC42A416BE10042652E /* DhikrCell.swift */,
				A6487CA12A378FC9003ED9BF /* DhikrScreen.swift */,
				A699ACC62A4170D50042652E /* CounterScreen.swift */,
			);
			path = DhikrControllers;
			sourceTree = "<group>";
		};
		A601F7392A3AD82800989752 /* SurahControllers */ = {
			isa = PBXGroup;
			children = (
				A6F7B3762A3CE244002291CB /* AyahCell.swift */,
				A6487CA32A378FE9003ED9BF /* SurahScreen.swift */,
				A6F7B3592A3AE7B8002291CB /* SurahNameCell.swift */,
				A6F7B36E2A3C58C5002291CB /* SurahPageScreen.swift */,
			);
			path = SurahControllers;
			sourceTree = "<group>";
		};
		A601F73C2A3ADC9B00989752 /* Fonts */ = {
			isa = PBXGroup;
			children = (
				A6F7B35D2A3C0E13002291CB /* Proxima Vara-VF.ttf */,
				A601F73D2A3ADC9B00989752 /* KFGQPC Uthman Taha Naskh Regular.ttf */,
				A66416AE2A3D742400210E43 /* noorehidayat.ttf */,
			);
			path = Fonts;
			sourceTree = "<group>";
		};
		A601F7412A3ADCFB00989752 /* SettingsControllers */ = {
			isa = PBXGroup;
			children = (
				A601F7422A3ADD2100989752 /* SettingsScreen.swift */,
			);
			path = SettingsControllers;
			sourceTree = "<group>";
		};
		A6487C7B2A36D3E1003ED9BF = {
			isa = PBXGroup;
			children = (
				A6487C862A36D3E1003ED9BF /* Nour */,
				A6487C852A36D3E1003ED9BF /* Products */,
			);
			sourceTree = "<group>";
		};
		A6487C852A36D3E1003ED9BF /* Products */ = {
			isa = PBXGroup;
			children = (
				A6487C842A36D3E1003ED9BF /* Nour.app */,
			);
			name = Products;
			sourceTree = "<group>";
		};
		A6487C862A36D3E1003ED9BF /* Nour */ = {
			isa = PBXGroup;
			children = (
				A6F7B35F2A3C1078002291CB /* Models */,
				A601F7372A3981E400989752 /* Managers */,
				A6487C9B2A36D939003ED9BF /* Resources */,
				A6487C9E2A36E580003ED9BF /* Controllers */,
				A6487C902A36D3E2003ED9BF /* Assets.xcassets */,
				A6487C922A36D3E2003ED9BF /* LaunchScreen.storyboard */,
				A6487C952A36D3E2003ED9BF /* Info.plist */,
			);
			path = Nour;
			sourceTree = "<group>";
		};
		A6487C9B2A36D939003ED9BF /* Resources */ = {
			isa = PBXGroup;
			children = (
				A699ACA92A416ABA0042652E /* Sounds */,
				A6487C872A36D3E1003ED9BF /* AppDelegate.swift */,
				A6487C892A36D3E1003ED9BF /* SceneDelegate.swift */,
				A601F73C2A3ADC9B00989752 /* Fonts */,
				A6F7B35B2A3AE7EF002291CB /* Constants.swift */,
			);
			path = Resources;
			sourceTree = "<group>";
		};
		A6487C9E2A36E580003ED9BF /* Controllers */ = {
			isa = PBXGroup;
			children = (
				A601F7412A3ADCFB00989752 /* SettingsControllers */,
				A601F7392A3AD82800989752 /* SurahControllers */,
				A601F7382A3AD81F00989752 /* DhikrControllers */,
				A6487C9F2A36E5D2003ED9BF /* MainScreen.swift */,
			);
			path = Controllers;
			sourceTree = "<group>";
		};
		A699ACA92A416ABA0042652E /* Sounds */ = {
			isa = PBXGroup;
			children = (
				A699ACAA2A416ABA0042652E /* lailahaillahm.m4a */,
				A699ACAB2A416ABA0042652E /* Hasbunallah.m4a */,
				A699ACAC2A416ABA0042652E /* AllahuAkbar.m4a */,
				A699ACAD2A416ABA0042652E /* Lailahaillah.m4a */,
				A699ACAE2A416ABA0042652E /* Lahaula.m4a */,
				A699ACAF2A416ABA0042652E /* KamaaSollaita.m4a */,
				A699ACB02A416ABA0042652E /* AstagfirullahalAziim.m4a */,
				A699ACB12A416ABA0042652E /* SubhanAllah.m4a */,
				A699ACB22A416ABA0042652E /* Salauat.m4a */,
				A699ACB32A416ABA0042652E /* Uabihamdih.m4a */,
				A699ACB42A416ABA0042652E /* Alhamdulillah.m4a */,
				A699ACB52A416ABA0042652E /* KamaaBaarakta.m4a */,
				A699ACB62A416ABA0042652E /* Astahfirullah.m4a */,
			);
			path = Sounds;
			sourceTree = "<group>";
		};
		A6F7B35F2A3C1078002291CB /* Models */ = {
			isa = PBXGroup;
			children = (
				A6F7B3602A3C108B002291CB /* QuranData.swift */,
				A6F7B3722A3CC843002291CB /* QuranDataTranslate.swift */,
			);
			path = Models;
			sourceTree = "<group>";
		};
/* End PBXGroup section */

/* Begin PBXNativeTarget section */
		A6487C832A36D3E1003ED9BF /* Nour */ = {
			isa = PBXNativeTarget;
			buildConfigurationList = A6487C982A36D3E2003ED9BF /* Build configuration list for PBXNativeTarget "Nour" */;
			buildPhases = (
				A6487C802A36D3E1003ED9BF /* Sources */,
				A6487C812A36D3E1003ED9BF /* Frameworks */,
				A6487C822A36D3E1003ED9BF /* Resources */,
			);
			buildRules = (
			);
			dependencies = (
			);
			name = Nour;
			packageProductDependencies = (
				A6487CA62A379079003ED9BF /* SnapKit */,
			);
			productName = Nour;
			productReference = A6487C842A36D3E1003ED9BF /* Nour.app */;
			productType = "com.apple.product-type.application";
		};
/* End PBXNativeTarget section */

/* Begin PBXProject section */
		A6487C7C2A36D3E1003ED9BF /* Project object */ = {
			isa = PBXProject;
			attributes = {
				BuildIndependentTargetsInParallel = 1;
				LastSwiftUpdateCheck = 1430;
				LastUpgradeCheck = 1430;
				TargetAttributes = {
					A6487C832A36D3E1003ED9BF = {
						CreatedOnToolsVersion = 14.3;
					};
				};
			};
			buildConfigurationList = A6487C7F2A36D3E1003ED9BF /* Build configuration list for PBXProject "Nour" */;
			compatibilityVersion = "Xcode 14.0";
			developmentRegion = en;
			hasScannedForEncodings = 0;
			knownRegions = (
				en,
				Base,
			);
			mainGroup = A6487C7B2A36D3E1003ED9BF;
			packageReferences = (
				A6487CA52A379079003ED9BF /* XCRemoteSwiftPackageReference "SnapKit" */,
			);
			productRefGroup = A6487C852A36D3E1003ED9BF /* Products */;
			projectDirPath = "";
			projectRoot = "";
			targets = (
				A6487C832A36D3E1003ED9BF /* Nour */,
			);
		};
/* End PBXProject section */

/* Begin PBXResourcesBuildPhase section */
		A6487C822A36D3E1003ED9BF /* Resources */ = {
			isa = PBXResourcesBuildPhase;
			buildActionMask = 2147483647;
			files = (
				A6F7B35E2A3C0E13002291CB /* Proxima Vara-VF.ttf in Resources */,
				A66416AF2A3D742400210E43 /* noorehidayat.ttf in Resources */,
				A699ACBE2A416ABA0042652E /* SubhanAllah.m4a in Resources */,
				A699ACC12A416ABA0042652E /* Alhamdulillah.m4a in Resources */,
				A699ACB72A416ABA0042652E /* lailahaillahm.m4a in Resources */,
				A699ACBA2A416ABA0042652E /* Lailahaillah.m4a in Resources */,
				A6487C942A36D3E2003ED9BF /* LaunchScreen.storyboard in Resources */,
				A699ACB82A416ABA0042652E /* Hasbunallah.m4a in Resources */,
				A601F73F2A3ADC9B00989752 /* KFGQPC Uthman Taha Naskh Regular.ttf in Resources */,
				A699ACC22A416ABA0042652E /* KamaaBaarakta.m4a in Resources */,
				A699ACBB2A416ABA0042652E /* Lahaula.m4a in Resources */,
				A6487C912A36D3E2003ED9BF /* Assets.xcassets in Resources */,
				A699ACBC2A416ABA0042652E /* KamaaSollaita.m4a in Resources */,
				A699ACBD2A416ABA0042652E /* AstagfirullahalAziim.m4a in Resources */,
				A699ACBF2A416ABA0042652E /* Salauat.m4a in Resources */,
				A699ACC32A416ABA0042652E /* Astahfirullah.m4a in Resources */,
				A699ACB92A416ABA0042652E /* AllahuAkbar.m4a in Resources */,
				A699ACC02A416ABA0042652E /* Uabihamdih.m4a in Resources */,
			);
			runOnlyForDeploymentPostprocessing = 0;
		};
/* End PBXResourcesBuildPhase section */

/* Begin PBXSourcesBuildPhase section */
		A6487C802A36D3E1003ED9BF /* Sources */ = {
			isa = PBXSourcesBuildPhase;
			buildActionMask = 2147483647;
			files = (
				A6F7B3752A3CD258002291CB /* NetworkManager.swift in Sources */,
				A6F7B3612A3C108B002291CB /* QuranData.swift in Sources */,
				A6487CA02A36E5D2003ED9BF /* MainScreen.swift in Sources */,
				A6F7B35A2A3AE7B8002291CB /* SurahNameCell.swift in Sources */,
				A6487C882A36D3E1003ED9BF /* AppDelegate.swift in Sources */,
				A6F7B3772A3CE244002291CB /* AyahCell.swift in Sources */,
				A6487CA22A378FC9003ED9BF /* DhikrScreen.swift in Sources */,
				A6487C8A2A36D3E1003ED9BF /* SceneDelegate.swift in Sources */,
				A699ACC72A4170D50042652E /* CounterScreen.swift in Sources */,
				A6F7B36F2A3C58C5002291CB /* SurahPageScreen.swift in Sources */,
				A6F7B3732A3CC843002291CB /* QuranDataTranslate.swift in Sources */,
				A601F7432A3ADD2100989752 /* SettingsScreen.swift in Sources */,
				A6487CA42A378FE9003ED9BF /* SurahScreen.swift in Sources */,
				A699ACC52A416BE10042652E /* DhikrCell.swift in Sources */,
				A6F7B35C2A3AE7EF002291CB /* Constants.swift in Sources */,
			);
			runOnlyForDeploymentPostprocessing = 0;
		};
/* End PBXSourcesBuildPhase section */

/* Begin PBXVariantGroup section */
		A6487C922A36D3E2003ED9BF /* LaunchScreen.storyboard */ = {
			isa = PBXVariantGroup;
			children = (
				A6487C932A36D3E2003ED9BF /* Base */,
			);
			name = LaunchScreen.storyboard;
			sourceTree = "<group>";
		};
/* End PBXVariantGroup section */

/* Begin XCBuildConfiguration section */
		A6487C962A36D3E2003ED9BF /* Debug */ = {
			isa = XCBuildConfiguration;
			buildSettings = {
				ALWAYS_SEARCH_USER_PATHS = NO;
				CLANG_ANALYZER_NONNULL = YES;
				CLANG_ANALYZER_NUMBER_OBJECT_CONVERSION = YES_AGGRESSIVE;
				CLANG_CXX_LANGUAGE_STANDARD = "gnu++20";
				CLANG_ENABLE_MODULES = YES;
				CLANG_ENABLE_OBJC_ARC = YES;
				CLANG_ENABLE_OBJC_WEAK = YES;
				CLANG_WARN_BLOCK_CAPTURE_AUTORELEASING = YES;
				CLANG_WARN_BOOL_CONVERSION = YES;
				CLANG_WARN_COMMA = YES;
				CLANG_WARN_CONSTANT_CONVERSION = YES;
				CLANG_WARN_DEPRECATED_OBJC_IMPLEMENTATIONS = YES;
				CLANG_WARN_DIRECT_OBJC_ISA_USAGE = YES_ERROR;
				CLANG_WARN_DOCUMENTATION_COMMENTS = YES;
				CLANG_WARN_EMPTY_BODY = YES;
				CLANG_WARN_ENUM_CONVERSION = YES;
				CLANG_WARN_INFINITE_RECURSION = YES;
				CLANG_WARN_INT_CONVERSION = YES;
				CLANG_WARN_NON_LITERAL_NULL_CONVERSION = YES;
				CLANG_WARN_OBJC_IMPLICIT_RETAIN_SELF = YES;
				CLANG_WARN_OBJC_LITERAL_CONVERSION = YES;
				CLANG_WARN_OBJC_ROOT_CLASS = YES_ERROR;
				CLANG_WARN_QUOTED_INCLUDE_IN_FRAMEWORK_HEADER = YES;
				CLANG_WARN_RANGE_LOOP_ANALYSIS = YES;
				CLANG_WARN_STRICT_PROTOTYPES = YES;
				CLANG_WARN_SUSPICIOUS_MOVE = YES;
				CLANG_WARN_UNGUARDED_AVAILABILITY = YES_AGGRESSIVE;
				CLANG_WARN_UNREACHABLE_CODE = YES;
				CLANG_WARN__DUPLICATE_METHOD_MATCH = YES;
				COPY_PHASE_STRIP = NO;
				DEBUG_INFORMATION_FORMAT = dwarf;
				ENABLE_STRICT_OBJC_MSGSEND = YES;
				ENABLE_TESTABILITY = YES;
				GCC_C_LANGUAGE_STANDARD = gnu11;
				GCC_DYNAMIC_NO_PIC = NO;
				GCC_NO_COMMON_BLOCKS = YES;
				GCC_OPTIMIZATION_LEVEL = 0;
				GCC_PREPROCESSOR_DEFINITIONS = (
					"DEBUG=1",
					"$(inherited)",
				);
				GCC_WARN_64_TO_32_BIT_CONVERSION = YES;
				GCC_WARN_ABOUT_RETURN_TYPE = YES_ERROR;
				GCC_WARN_UNDECLARED_SELECTOR = YES;
				GCC_WARN_UNINITIALIZED_AUTOS = YES_AGGRESSIVE;
				GCC_WARN_UNUSED_FUNCTION = YES;
				GCC_WARN_UNUSED_VARIABLE = YES;
				IPHONEOS_DEPLOYMENT_TARGET = 16.4;
				MTL_ENABLE_DEBUG_INFO = INCLUDE_SOURCE;
				MTL_FAST_MATH = YES;
				ONLY_ACTIVE_ARCH = YES;
				SDKROOT = iphoneos;
				SWIFT_ACTIVE_COMPILATION_CONDITIONS = DEBUG;
				SWIFT_OPTIMIZATION_LEVEL = "-Onone";
			};
			name = Debug;
		};
		A6487C972A36D3E2003ED9BF /* Release */ = {
			isa = XCBuildConfiguration;
			buildSettings = {
				ALWAYS_SEARCH_USER_PATHS = NO;
				CLANG_ANALYZER_NONNULL = YES;
				CLANG_ANALYZER_NUMBER_OBJECT_CONVERSION = YES_AGGRESSIVE;
				CLANG_CXX_LANGUAGE_STANDARD = "gnu++20";
				CLANG_ENABLE_MODULES = YES;
				CLANG_ENABLE_OBJC_ARC = YES;
				CLANG_ENABLE_OBJC_WEAK = YES;
				CLANG_WARN_BLOCK_CAPTURE_AUTORELEASING = YES;
				CLANG_WARN_BOOL_CONVERSION = YES;
				CLANG_WARN_COMMA = YES;
				CLANG_WARN_CONSTANT_CONVERSION = YES;
				CLANG_WARN_DEPRECATED_OBJC_IMPLEMENTATIONS = YES;
				CLANG_WARN_DIRECT_OBJC_ISA_USAGE = YES_ERROR;
				CLANG_WARN_DOCUMENTATION_COMMENTS = YES;
				CLANG_WARN_EMPTY_BODY = YES;
				CLANG_WARN_ENUM_CONVERSION = YES;
				CLANG_WARN_INFINITE_RECURSION = YES;
				CLANG_WARN_INT_CONVERSION = YES;
				CLANG_WARN_NON_LITERAL_NULL_CONVERSION = YES;
				CLANG_WARN_OBJC_IMPLICIT_RETAIN_SELF = YES;
				CLANG_WARN_OBJC_LITERAL_CONVERSION = YES;
				CLANG_WARN_OBJC_ROOT_CLASS = YES_ERROR;
				CLANG_WARN_QUOTED_INCLUDE_IN_FRAMEWORK_HEADER = YES;
				CLANG_WARN_RANGE_LOOP_ANALYSIS = YES;
				CLANG_WARN_STRICT_PROTOTYPES = YES;
				CLANG_WARN_SUSPICIOUS_MOVE = YES;
				CLANG_WARN_UNGUARDED_AVAILABILITY = YES_AGGRESSIVE;
				CLANG_WARN_UNREACHABLE_CODE = YES;
				CLANG_WARN__DUPLICATE_METHOD_MATCH = YES;
				COPY_PHASE_STRIP = NO;
				DEBUG_INFORMATION_FORMAT = "dwarf-with-dsym";
				ENABLE_NS_ASSERTIONS = NO;
				ENABLE_STRICT_OBJC_MSGSEND = YES;
				GCC_C_LANGUAGE_STANDARD = gnu11;
				GCC_NO_COMMON_BLOCKS = YES;
				GCC_WARN_64_TO_32_BIT_CONVERSION = YES;
				GCC_WARN_ABOUT_RETURN_TYPE = YES_ERROR;
				GCC_WARN_UNDECLARED_SELECTOR = YES;
				GCC_WARN_UNINITIALIZED_AUTOS = YES_AGGRESSIVE;
				GCC_WARN_UNUSED_FUNCTION = YES;
				GCC_WARN_UNUSED_VARIABLE = YES;
				IPHONEOS_DEPLOYMENT_TARGET = 16.4;
				MTL_ENABLE_DEBUG_INFO = NO;
				MTL_FAST_MATH = YES;
				SDKROOT = iphoneos;
				SWIFT_COMPILATION_MODE = wholemodule;
				SWIFT_OPTIMIZATION_LEVEL = "-O";
				VALIDATE_PRODUCT = YES;
			};
			name = Release;
		};
		A6487C992A36D3E2003ED9BF /* Debug */ = {
			isa = XCBuildConfiguration;
			buildSettings = {
				ASSETCATALOG_COMPILER_APPICON_NAME = AppIcon;
				CODE_SIGN_STYLE = Automatic;
				CURRENT_PROJECT_VERSION = 1;
				DEVELOPMENT_TEAM = 58P54NX7P7;
				GENERATE_INFOPLIST_FILE = YES;
				INFOPLIST_FILE = Nour/Info.plist;
				INFOPLIST_KEY_UIApplicationSupportsIndirectInputEvents = YES;
				INFOPLIST_KEY_UILaunchStoryboardName = LaunchScreen;
				INFOPLIST_KEY_UISupportedInterfaceOrientations = UIInterfaceOrientationPortrait;
				IPHONEOS_DEPLOYMENT_TARGET = 15.0;
				LD_RUNPATH_SEARCH_PATHS = (
					"$(inherited)",
					"@executable_path/Frameworks",
				);
				MARKETING_VERSION = 1.0;
				PRODUCT_BUNDLE_IDENTIFIER = com.learn.Alesh.Nour;
				PRODUCT_NAME = "$(TARGET_NAME)";
				SWIFT_EMIT_LOC_STRINGS = YES;
				SWIFT_VERSION = 5.0;
				TARGETED_DEVICE_FAMILY = "1,2";
			};
			name = Debug;
		};
		A6487C9A2A36D3E2003ED9BF /* Release */ = {
			isa = XCBuildConfiguration;
			buildSettings = {
				ASSETCATALOG_COMPILER_APPICON_NAME = AppIcon;
				CODE_SIGN_STYLE = Automatic;
				CURRENT_PROJECT_VERSION = 1;
				DEVELOPMENT_TEAM = 58P54NX7P7;
				GENERATE_INFOPLIST_FILE = YES;
				INFOPLIST_FILE = Nour/Info.plist;
				INFOPLIST_KEY_UIApplicationSupportsIndirectInputEvents = YES;
				INFOPLIST_KEY_UILaunchStoryboardName = LaunchScreen;
				INFOPLIST_KEY_UISupportedInterfaceOrientations = UIInterfaceOrientationPortrait;
				IPHONEOS_DEPLOYMENT_TARGET = 15.0;
				LD_RUNPATH_SEARCH_PATHS = (
					"$(inherited)",
					"@executable_path/Frameworks",
				);
				MARKETING_VERSION = 1.0;
				PRODUCT_BUNDLE_IDENTIFIER = com.learn.Alesh.Nour;
				PRODUCT_NAME = "$(TARGET_NAME)";
				SWIFT_EMIT_LOC_STRINGS = YES;
				SWIFT_VERSION = 5.0;
				TARGETED_DEVICE_FAMILY = "1,2";
			};
			name = Release;
		};
/* End XCBuildConfiguration section */

/* Begin XCConfigurationList section */
		A6487C7F2A36D3E1003ED9BF /* Build configuration list for PBXProject "Nour" */ = {
			isa = XCConfigurationList;
			buildConfigurations = (
				A6487C962A36D3E2003ED9BF /* Debug */,
				A6487C972A36D3E2003ED9BF /* Release */,
			);
			defaultConfigurationIsVisible = 0;
			defaultConfigurationName = Release;
		};
		A6487C982A36D3E2003ED9BF /* Build configuration list for PBXNativeTarget "Nour" */ = {
			isa = XCConfigurationList;
			buildConfigurations = (
				A6487C992A36D3E2003ED9BF /* Debug */,
				A6487C9A2A36D3E2003ED9BF /* Release */,
			);
			defaultConfigurationIsVisible = 0;
			defaultConfigurationName = Release;
		};
/* End XCConfigurationList section */

/* Begin XCRemoteSwiftPackageReference section */
		A6487CA52A379079003ED9BF /* XCRemoteSwiftPackageReference "SnapKit" */ = {
			isa = XCRemoteSwiftPackageReference;
			repositoryURL = "https://github.com/SnapKit/SnapKit.git";
			requirement = {
				kind = upToNextMajorVersion;
				minimumVersion = 5.0.0;
			};
		};
/* End XCRemoteSwiftPackageReference section */

/* Begin XCSwiftPackageProductDependency section */
		A6487CA62A379079003ED9BF /* SnapKit */ = {
			isa = XCSwiftPackageProductDependency;
			package = A6487CA52A379079003ED9BF /* XCRemoteSwiftPackageReference "SnapKit" */;
			productName = SnapKit;
		};
/* End XCSwiftPackageProductDependency section */
	};
	rootObject = A6487C7C2A36D3E1003ED9BF /* Project object */;
}
